// !$*UTF8*$!
{
	archiveVersion = 1;
	classes = {
	};
	objectVersion = 50;
	objects = {

/* Begin PBXBuildFile section */
		2C32084520EB99E80045EC04 /* AppDelegate.m in Sources */ = {isa = PBXBuildFile; fileRef = 2C32084420EB99E80045EC04 /* AppDelegate.m */; };
		2C32084820EB99E80045EC04 /* ViewController.m in Sources */ = {isa = PBXBuildFile; fileRef = 2C32084720EB99E80045EC04 /* ViewController.m */; };
		2C32084B20EB99E80045EC04 /* Main.storyboard in Resources */ = {isa = PBXBuildFile; fileRef = 2C32084920EB99E80045EC04 /* Main.storyboard */; };
		2C32084D20EB99E90045EC04 /* Assets.xcassets in Resources */ = {isa = PBXBuildFile; fileRef = 2C32084C20EB99E90045EC04 /* Assets.xcassets */; };
		2C32085020EB99E90045EC04 /* LaunchScreen.storyboard in Resources */ = {isa = PBXBuildFile; fileRef = 2C32084E20EB99E90045EC04 /* LaunchScreen.storyboard */; };
		2C32085320EB99E90045EC04 /* main.m in Sources */ = {isa = PBXBuildFile; fileRef = 2C32085220EB99E90045EC04 /* main.m */; };
		2C32085D20EB99E90045EC04 /* Test01Tests.m in Sources */ = {isa = PBXBuildFile; fileRef = 2C32085C20EB99E90045EC04 /* Test01Tests.m */; };
		2C32086820EB99E90045EC04 /* Test01UITests.m in Sources */ = {isa = PBXBuildFile; fileRef = 2C32086720EB99E90045EC04 /* Test01UITests.m */; };
/* End PBXBuildFile section */

/* Begin PBXContainerItemProxy section */
		2C32085920EB99E90045EC04 /* PBXContainerItemProxy */ = {
			isa = PBXContainerItemProxy;
			containerPortal = 2C32083820EB99E80045EC04 /* Project object */;
			proxyType = 1;
			remoteGlobalIDString = 2C32083F20EB99E80045EC04;
			remoteInfo = Test01;
		};
		2C32086420EB99E90045EC04 /* PBXContainerItemProxy */ = {
			isa = PBXContainerItemProxy;
			containerPortal = 2C32083820EB99E80045EC04 /* Project object */;
			proxyType = 1;
			remoteGlobalIDString = 2C32083F20EB99E80045EC04;
			remoteInfo = Test01;
		};
/* End PBXContainerItemProxy section */

/* Begin PBXFileReference section */
		2C32084020EB99E80045EC04 /* Test01.app */ = {isa = PBXFileReference; explicitFileType = wrapper.application; includeInIndex = 0; path = Test01.app; sourceTree = BUILT_PRODUCTS_DIR; };
		2C32084320EB99E80045EC04 /* AppDelegate.h */ = {isa = PBXFileReference; lastKnownFileType = sourcecode.c.h; path = AppDelegate.h; sourceTree = "<group>"; };
		2C32084420EB99E80045EC04 /* AppDelegate.m */ = {isa = PBXFileReference; lastKnownFileType = sourcecode.c.objc; path = AppDelegate.m; sourceTree = "<group>"; };
		2C32084620EB99E80045EC04 /* ViewController.h */ = {isa = PBXFileReference; lastKnownFileType = sourcecode.c.h; path = ViewController.h; sourceTree = "<group>"; };
		2C32084720EB99E80045EC04 /* ViewController.m */ = {isa = PBXFileReference; lastKnownFileType = sourcecode.c.objc; path = ViewController.m; sourceTree = "<group>"; };
		2C32084A20EB99E80045EC04 /* Base */ = {isa = PBXFileReference; lastKnownFileType = file.storyboard; name = Base; path = Base.lproj/Main.storyboard; sourceTree = "<group>"; };
		2C32084C20EB99E90045EC04 /* Assets.xcassets */ = {isa = PBXFileReference; lastKnownFileType = folder.assetcatalog; path = Assets.xcassets; sourceTree = "<group>"; };
		2C32084F20EB99E90045EC04 /* Base */ = {isa = PBXFileReference; lastKnownFileType = file.storyboard; name = Base; path = Base.lproj/LaunchScreen.storyboard; sourceTree = "<group>"; };
		2C32085120EB99E90045EC04 /* Info.plist */ = {isa = PBXFileReference; lastKnownFileType = text.plist.xml; path = Info.plist; sourceTree = "<group>"; };
		2C32085220EB99E90045EC04 /* main.m */ = {isa = PBXFileReference; lastKnownFileType = sourcecode.c.objc; path = main.m; sourceTree = "<group>"; };
		2C32085820EB99E90045EC04 /* Test01Tests.xctest */ = {isa = PBXFileReference; explicitFileType = wrapper.cfbundle; includeInIndex = 0; path = Test01Tests.xctest; sourceTree = BUILT_PRODUCTS_DIR; };
		2C32085C20EB99E90045EC04 /* Test01Tests.m */ = {isa = PBXFileReference; lastKnownFileType = sourcecode.c.objc; path = Test01Tests.m; sourceTree = "<group>"; };
		2C32085E20EB99E90045EC04 /* Info.plist */ = {isa = PBXFileReference; lastKnownFileType = text.plist.xml; path = Info.plist; sourceTree = "<group>"; };
		2C32086320EB99E90045EC04 /* Test01UITests.xctest */ = {isa = PBXFileReference; explicitFileType = wrapper.cfbundle; includeInIndex = 0; path = Test01UITests.xctest; sourceTree = BUILT_PRODUCTS_DIR; };
		2C32086720EB99E90045EC04 /* Test01UITests.m */ = {isa = PBXFileReference; lastKnownFileType = sourcecode.c.objc; path = Test01UITests.m; sourceTree = "<group>"; };
		2C32086920EB99E90045EC04 /* Info.plist */ = {isa = PBXFileReference; lastKnownFileType = text.plist.xml; path = Info.plist; sourceTree = "<group>"; };
/* End PBXFileReference section */

/* Begin PBXFrameworksBuildPhase section */
		2C32083D20EB99E80045EC04 /* Frameworks */ = {
			isa = PBXFrameworksBuildPhase;
			buildActionMask = 2147483647;
			files = (
			);
			runOnlyForDeploymentPostprocessing = 0;
		};
		2C32085520EB99E90045EC04 /* Frameworks */ = {
			isa = PBXFrameworksBuildPhase;
			buildActionMask = 2147483647;
			files = (
			);
			runOnlyForDeploymentPostprocessing = 0;
		};
		2C32086020EB99E90045EC04 /* Frameworks */ = {
			isa = PBXFrameworksBuildPhase;
			buildActionMask = 2147483647;
			files = (
			);
			runOnlyForDeploymentPostprocessing = 0;
		};
/* End PBXFrameworksBuildPhase section */

/* Begin PBXGroup section */
		2C32083720EB99E80045EC04 = {
			isa = PBXGroup;
			children = (
				2C32084220EB99E80045EC04 /* Test01 */,
				2C32085B20EB99E90045EC04 /* Test01Tests */,
				2C32086620EB99E90045EC04 /* Test01UITests */,
				2C32084120EB99E80045EC04 /* Products */,
			);
			sourceTree = "<group>";
		};
		2C32084120EB99E80045EC04 /* Products */ = {
			isa = PBXGroup;
			children = (
				2C32084020EB99E80045EC04 /* Test01.app */,
				2C32085820EB99E90045EC04 /* Test01Tests.xctest */,
				2C32086320EB99E90045EC04 /* Test01UITests.xctest */,
			);
			name = Products;
			sourceTree = "<group>";
		};
		2C32084220EB99E80045EC04 /* Test01 */ = {
			isa = PBXGroup;
			children = (
				2C32084320EB99E80045EC04 /* AppDelegate.h */,
				2C32084420EB99E80045EC04 /* AppDelegate.m */,
				2C32084620EB99E80045EC04 /* ViewController.h */,
				2C32084720EB99E80045EC04 /* ViewController.m */,
				2C32084920EB99E80045EC04 /* Main.storyboard */,
				2C32084C20EB99E90045EC04 /* Assets.xcassets */,
				2C32084E20EB99E90045EC04 /* LaunchScreen.storyboard */,
				2C32085120EB99E90045EC04 /* Info.plist */,
				2C32085220EB99E90045EC04 /* main.m */,
			);
			path = Test01;
			sourceTree = "<group>";
		};
		2C32085B20EB99E90045EC04 /* Test01Tests */ = {
			isa = PBXGroup;
			children = (
				2C32085C20EB99E90045EC04 /* Test01Tests.m */,
				2C32085E20EB99E90045EC04 /* Info.plist */,
			);
			path = Test01Tests;
			sourceTree = "<group>";
		};
		2C32086620EB99E90045EC04 /* Test01UITests */ = {
			isa = PBXGroup;
			children = (
				2C32086720EB99E90045EC04 /* Test01UITests.m */,
				2C32086920EB99E90045EC04 /* Info.plist */,
			);
			path = Test01UITests;
			sourceTree = "<group>";
		};
/* End PBXGroup section */

/* Begin PBXNativeTarget section */
		2C32083F20EB99E80045EC04 /* Test01 */ = {
			isa = PBXNativeTarget;
			buildConfigurationList = 2C32086C20EB99E90045EC04 /* Build configuration list for PBXNativeTarget "Test01" */;
			buildPhases = (
				2C32083C20EB99E80045EC04 /* Sources */,
				2C32083D20EB99E80045EC04 /* Frameworks */,
				2C32083E20EB99E80045EC04 /* Resources */,
			);
			buildRules = (
			);
			dependencies = (
			);
			name = Test01;
			productName = Test01;
			productReference = 2C32084020EB99E80045EC04 /* Test01.app */;
			productType = "com.apple.product-type.application";
		};
		2C32085720EB99E90045EC04 /* Test01Tests */ = {
			isa = PBXNativeTarget;
			buildConfigurationList = 2C32086F20EB99E90045EC04 /* Build configuration list for PBXNativeTarget "Test01Tests" */;
			buildPhases = (
				2C32085420EB99E90045EC04 /* Sources */,
				2C32085520EB99E90045EC04 /* Frameworks */,
				2C32085620EB99E90045EC04 /* Resources */,
			);
			buildRules = (
			);
			dependencies = (
				2C32085A20EB99E90045EC04 /* PBXTargetDependency */,
			);
			name = Test01Tests;
			productName = Test01Tests;
			productReference = 2C32085820EB99E90045EC04 /* Test01Tests.xctest */;
			productType = "com.apple.product-type.bundle.unit-test";
		};
		2C32086220EB99E90045EC04 /* Test01UITests */ = {
			isa = PBXNativeTarget;
			buildConfigurationList = 2C32087220EB99E90045EC04 /* Build configuration list for PBXNativeTarget "Test01UITests" */;
			buildPhases = (
				2C32085F20EB99E90045EC04 /* Sources */,
				2C32086020EB99E90045EC04 /* Frameworks */,
				2C32086120EB99E90045EC04 /* Resources */,
			);
			buildRules = (
			);
			dependencies = (
				2C32086520EB99E90045EC04 /* PBXTargetDependency */,
			);
			name = Test01UITests;
			productName = Test01UITests;
			productReference = 2C32086320EB99E90045EC04 /* Test01UITests.xctest */;
			productType = "com.apple.product-type.bundle.ui-testing";
		};
/* End PBXNativeTarget section */

/* Begin PBXProject section */
		2C32083820EB99E80045EC04 /* Project object */ = {
			isa = PBXProject;
			attributes = {
				LastUpgradeCheck = 0940;
				ORGANIZATIONNAME = Yan;
				TargetAttributes = {
					2C32083F20EB99E80045EC04 = {
						CreatedOnToolsVersion = 9.4.1;
					};
					2C32085720EB99E90045EC04 = {
						CreatedOnToolsVersion = 9.4.1;
						TestTargetID = 2C32083F20EB99E80045EC04;
					};
					2C32086220EB99E90045EC04 = {
						CreatedOnToolsVersion = 9.4.1;
						TestTargetID = 2C32083F20EB99E80045EC04;
					};
				};
			};
			buildConfigurationList = 2C32083B20EB99E80045EC04 /* Build configuration list for PBXProject "Test01" */;
			compatibilityVersion = "Xcode 9.3";
			developmentRegion = en;
			hasScannedForEncodings = 0;
			knownRegions = (
				en,
				Base,
			);
			mainGroup = 2C32083720EB99E80045EC04;
			productRefGroup = 2C32084120EB99E80045EC04 /* Products */;
			projectDirPath = "";
			projectRoot = "";
			targets = (
				2C32083F20EB99E80045EC04 /* Test01 */,
				2C32085720EB99E90045EC04 /* Test01Tests */,
				2C32086220EB99E90045EC04 /* Test01UITests */,
			);
		};
/* End PBXProject section */

/* Begin PBXResourcesBuildPhase section */
		2C32083E20EB99E80045EC04 /* Resources */ = {
			isa = PBXResourcesBuildPhase;
			buildActionMask = 2147483647;
			files = (
				2C32085020EB99E90045EC04 /* LaunchScreen.storyboard in Resources */,
				2C32084D20EB99E90045EC04 /* Assets.xcassets in Resources */,
				2C32084B20EB99E80045EC04 /* Main.storyboard in Resources */,
			);
			runOnlyForDeploymentPostprocessing = 0;
		};
		2C32085620EB99E90045EC04 /* Resources */ = {
			isa = PBXResourcesBuildPhase;
			buildActionMask = 2147483647;
			files = (
			);
			runOnlyForDeploymentPostprocessing = 0;
		};
		2C32086120EB99E90045EC04 /* Resources */ = {
			isa = PBXResourcesBuildPhase;
			buildActionMask = 2147483647;
			files = (
			);
			runOnlyForDeploymentPostprocessing = 0;
		};
/* End PBXResourcesBuildPhase section */

/* Begin PBXSourcesBuildPhase section */
		2C32083C20EB99E80045EC04 /* Sources */ = {
			isa = PBXSourcesBuildPhase;
			buildActionMask = 2147483647;
			files = (
				2C32084820EB99E80045EC04 /* ViewController.m in Sources */,
				2C32085320EB99E90045EC04 /* main.m in Sources */,
				2C32084520EB99E80045EC04 /* AppDelegate.m in Sources */,
			);
			runOnlyForDeploymentPostprocessing = 0;
		};
		2C32085420EB99E90045EC04 /* Sources */ = {
			isa = PBXSourcesBuildPhase;
			buildActionMask = 2147483647;
			files = (
				2C32085D20EB99E90045EC04 /* Test01Tests.m in Sources */,
			);
			runOnlyForDeploymentPostprocessing = 0;
		};
		2C32085F20EB99E90045EC04 /* Sources */ = {
			isa = PBXSourcesBuildPhase;
			buildActionMask = 2147483647;
			files = (
				2C32086820EB99E90045EC04 /* Test01UITests.m in Sources */,
			);
			runOnlyForDeploymentPostprocessing = 0;
		};
/* End PBXSourcesBuildPhase section */

/* Begin PBXTargetDependency section */
		2C32085A20EB99E90045EC04 /* PBXTargetDependency */ = {
			isa = PBXTargetDependency;
			target = 2C32083F20EB99E80045EC04 /* Test01 */;
			targetProxy = 2C32085920EB99E90045EC04 /* PBXContainerItemProxy */;
		};
		2C32086520EB99E90045EC04 /* PBXTargetDependency */ = {
			isa = PBXTargetDependency;
			target = 2C32083F20EB99E80045EC04 /* Test01 */;
			targetProxy = 2C32086420EB99E90045EC04 /* PBXContainerItemProxy */;
		};
/* End PBXTargetDependency section */

/* Begin PBXVariantGroup section */
		2C32084920EB99E80045EC04 /* Main.storyboard */ = {
			isa = PBXVariantGroup;
			children = (
				2C32084A20EB99E80045EC04 /* Base */,
			);
			name = Main.storyboard;
			sourceTree = "<group>";
		};
		2C32084E20EB99E90045EC04 /* LaunchScreen.storyboard */ = {
			isa = PBXVariantGroup;
			children = (
				2C32084F20EB99E90045EC04 /* Base */,
			);
			name = LaunchScreen.storyboard;
			sourceTree = "<group>";
		};
/* End PBXVariantGroup section */

/* Begin XCBuildConfiguration section */
		2C32086A20EB99E90045EC04 /* Debug */ = {
			isa = XCBuildConfiguration;
			buildSettings = {
				ALWAYS_SEARCH_USER_PATHS = NO;
				CLANG_ANALYZER_NONNULL = YES;
				CLANG_ANALYZER_NUMBER_OBJECT_CONVERSION = YES_AGGRESSIVE;
				CLANG_CXX_LANGUAGE_STANDARD = "gnu++14";
				CLANG_CXX_LIBRARY = "libc++";
				CLANG_ENABLE_MODULES = YES;
				CLANG_ENABLE_OBJC_ARC = YES;
				CLANG_ENABLE_OBJC_WEAK = YES;
				CLANG_WARN_BLOCK_CAPTURE_AUTORELEASING = YES;
				CLANG_WARN_BOOL_CONVERSION = YES;
				CLANG_WARN_COMMA = YES;
				CLANG_WARN_CONSTANT_CONVERSION = YES;
				CLANG_WARN_DEPRECATED_OBJC_IMPLEMENTATIONS = YES;
				CLANG_WARN_DIRECT_OBJC_ISA_USAGE = YES_ERROR;
				CLANG_WARN_DOCUMENTATION_COMMENTS = YES;
				CLANG_WARN_EMPTY_BODY = YES;
				CLANG_WARN_ENUM_CONVERSION = YES;
				CLANG_WARN_INFINITE_RECURSION = YES;
				CLANG_WARN_INT_CONVERSION = YES;
				CLANG_WARN_NON_LITERAL_NULL_CONVERSION = YES;
				CLANG_WARN_OBJC_IMPLICIT_RETAIN_SELF = YES;
				CLANG_WARN_OBJC_LITERAL_CONVERSION = YES;
				CLANG_WARN_OBJC_ROOT_CLASS = YES_ERROR;
				CLANG_WARN_RANGE_LOOP_ANALYSIS = YES;
				CLANG_WARN_STRICT_PROTOTYPES = YES;
				CLANG_WARN_SUSPICIOUS_MOVE = YES;
				CLANG_WARN_UNGUARDED_AVAILABILITY = YES_AGGRESSIVE;
				CLANG_WARN_UNREACHABLE_CODE = YES;
				CLANG_WARN__DUPLICATE_METHOD_MATCH = YES;
				CODE_SIGN_IDENTITY = "iPhone Developer";
				COPY_PHASE_STRIP = NO;
				DEBUG_INFORMATION_FORMAT = dwarf;
				ENABLE_STRICT_OBJC_MSGSEND = YES;
				ENABLE_TESTABILITY = YES;
				GCC_C_LANGUAGE_STANDARD = gnu11;
				GCC_DYNAMIC_NO_PIC = NO;
				GCC_NO_COMMON_BLOCKS = YES;
				GCC_OPTIMIZATION_LEVEL = 0;
				GCC_PREPROCESSOR_DEFINITIONS = (
					"DEBUG=1",
					"$(inherited)",
				);
				GCC_WARN_64_TO_32_BIT_CONVERSION = YES;
				GCC_WARN_ABOUT_RETURN_TYPE = YES_ERROR;
				GCC_WARN_UNDECLARED_SELECTOR = YES;
				GCC_WARN_UNINITIALIZED_AUTOS = YES_AGGRESSIVE;
				GCC_WARN_UNUSED_FUNCTION = YES;
				GCC_WARN_UNUSED_VARIABLE = YES;
				IPHONEOS_DEPLOYMENT_TARGET = 11.4;
				MTL_ENABLE_DEBUG_INFO = YES;
				ONLY_ACTIVE_ARCH = YES;
				SDKROOT = iphoneos;
			};
			name = Debug;
		};
		2C32086B20EB99E90045EC04 /* Release */ = {
			isa = XCBuildConfiguration;
			buildSettings = {
				ALWAYS_SEARCH_USER_PATHS = NO;
				CLANG_ANALYZER_NONNULL = YES;
				CLANG_ANALYZER_NUMBER_OBJECT_CONVERSION = YES_AGGRESSIVE;
				CLANG_CXX_LANGUAGE_STANDARD = "gnu++14";
				CLANG_CXX_LIBRARY = "libc++";
				CLANG_ENABLE_MODULES = YES;
				CLANG_ENABLE_OBJC_ARC = YES;
				CLANG_ENABLE_OBJC_WEAK = YES;
				CLANG_WARN_BLOCK_CAPTURE_AUTORELEASING = YES;
				CLANG_WARN_BOOL_CONVERSION = YES;
				CLANG_WARN_COMMA = YES;
				CLANG_WARN_CONSTANT_CONVERSION = YES;
				CLANG_WARN_DEPRECATED_OBJC_IMPLEMENTATIONS = YES;
				CLANG_WARN_DIRECT_OBJC_ISA_USAGE = YES_ERROR;
				CLANG_WARN_DOCUMENTATION_COMMENTS = YES;
				CLANG_WARN_EMPTY_BODY = YES;
				CLANG_WARN_ENUM_CONVERSION = YES;
				CLANG_WARN_INFINITE_RECURSION = YES;
				CLANG_WARN_INT_CONVERSION = YES;
				CLANG_WARN_NON_LITERAL_NULL_CONVERSION = YES;
				CLANG_WARN_OBJC_IMPLICIT_RETAIN_SELF = YES;
				CLANG_WARN_OBJC_LITERAL_CONVERSION = YES;
				CLANG_WARN_OBJC_ROOT_CLASS = YES_ERROR;
				CLANG_WARN_RANGE_LOOP_ANALYSIS = YES;
				CLANG_WARN_STRICT_PROTOTYPES = YES;
				CLANG_WARN_SUSPICIOUS_MOVE = YES;
				CLANG_WARN_UNGUARDED_AVAILABILITY = YES_AGGRESSIVE;
				CLANG_WARN_UNREACHABLE_CODE = YES;
				CLANG_WARN__DUPLICATE_METHOD_MATCH = YES;
				CODE_SIGN_IDENTITY = "iPhone Developer";
				COPY_PHASE_STRIP = NO;
				DEBUG_INFORMATION_FORMAT = "dwarf-with-dsym";
				ENABLE_NS_ASSERTIONS = NO;
				ENABLE_STRICT_OBJC_MSGSEND = YES;
				GCC_C_LANGUAGE_STANDARD = gnu11;
				GCC_NO_COMMON_BLOCKS = YES;
				GCC_WARN_64_TO_32_BIT_CONVERSION = YES;
				GCC_WARN_ABOUT_RETURN_TYPE = YES_ERROR;
				GCC_WARN_UNDECLARED_SELECTOR = YES;
				GCC_WARN_UNINITIALIZED_AUTOS = YES_AGGRESSIVE;
				GCC_WARN_UNUSED_FUNCTION = YES;
				GCC_WARN_UNUSED_VARIABLE = YES;
				IPHONEOS_DEPLOYMENT_TARGET = 11.4;
				MTL_ENABLE_DEBUG_INFO = NO;
				SDKROOT = iphoneos;
				VALIDATE_PRODUCT = YES;
			};
			name = Release;
		};
		2C32086D20EB99E90045EC04 /* Debug */ = {
			isa = XCBuildConfiguration;
			buildSettings = {
				ASSETCATALOG_COMPILER_APPICON_NAME = AppIcon;
				CODE_SIGN_STYLE = Automatic;
				DEVELOPMENT_TEAM = GLVEYLXDGG;
				INFOPLIST_FILE = Test01/Info.plist;
				LD_RUNPATH_SEARCH_PATHS = (
					"$(inherited)",
					"@executable_path/Frameworks",
				);
				PRODUCT_BUNDLE_IDENTIFIER = Iflytek.com.Test01;
				PRODUCT_NAME = "$(TARGET_NAME)";
				TARGETED_DEVICE_FAMILY = "1,2";
			};
			name = Debug;
		};
		2C32086E20EB99E90045EC04 /* Release */ = {
			isa = XCBuildConfiguration;
			buildSettings = {
				ASSETCATALOG_COMPILER_APPICON_NAME = AppIcon;
				CODE_SIGN_STYLE = Automatic;
				DEVELOPMENT_TEAM = GLVEYLXDGG;
				INFOPLIST_FILE = Test01/Info.plist;
				LD_RUNPATH_SEARCH_PATHS = (
					"$(inherited)",
					"@executable_path/Frameworks",
				);
				PRODUCT_BUNDLE_IDENTIFIER = Iflytek.com.Test01;
				PRODUCT_NAME = "$(TARGET_NAME)";
				TARGETED_DEVICE_FAMILY = "1,2";
			};
			name = Release;
		};
		2C32087020EB99E90045EC04 /* Debug */ = {
			isa = XCBuildConfiguration;
			buildSettings = {
				BUNDLE_LOADER = "$(TEST_HOST)";
				CODE_SIGN_STYLE = Automatic;
				DEVELOPMENT_TEAM = GLVEYLXDGG;
				INFOPLIST_FILE = Test01Tests/Info.plist;
				LD_RUNPATH_SEARCH_PATHS = (
					"$(inherited)",
					"@executable_path/Frameworks",
					"@loader_path/Frameworks",
				);
				PRODUCT_BUNDLE_IDENTIFIER = Iflytek.com.Test01Tests;
				PRODUCT_NAME = "$(TARGET_NAME)";
				TARGETED_DEVICE_FAMILY = "1,2";
				TEST_HOST = "$(BUILT_PRODUCTS_DIR)/Test01.app/Test01";
			};
			name = Debug;
		};
		2C32087120EB99E90045EC04 /* Release */ = {
			isa = XCBuildConfiguration;
			buildSettings = {
				BUNDLE_LOADER = "$(TEST_HOST)";
				CODE_SIGN_STYLE = Automatic;
				DEVELOPMENT_TEAM = GLVEYLXDGG;
				INFOPLIST_FILE = Test01Tests/Info.plist;
				LD_RUNPATH_SEARCH_PATHS = (
					"$(inherited)",
					"@executable_path/Frameworks",
					"@loader_path/Frameworks",
				);
				PRODUCT_BUNDLE_IDENTIFIER = Iflytek.com.Test01Tests;
				PRODUCT_NAME = "$(TARGET_NAME)";
				TARGETED_DEVICE_FAMILY = "1,2";
				TEST_HOST = "$(BUILT_PRODUCTS_DIR)/Test01.app/Test01";
			};
			name = Release;
		};
		2C32087320EB99E90045EC04 /* Debug */ = {
			isa = XCBuildConfiguration;
			buildSettings = {
				CODE_SIGN_STYLE = Automatic;
				DEVELOPMENT_TEAM = GLVEYLXDGG;
				INFOPLIST_FILE = Test01UITests/Info.plist;
				LD_RUNPATH_SEARCH_PATHS = (
					"$(inherited)",
					"@executable_path/Frameworks",
					"@loader_path/Frameworks",
				);
				PRODUCT_BUNDLE_IDENTIFIER = Iflytek.com.Test01UITests;
				PRODUCT_NAME = "$(TARGET_NAME)";
				TARGETED_DEVICE_FAMILY = "1,2";
				TEST_TARGET_NAME = Test01;
			};
			name = Debug;
		};
		2C32087420EB99E90045EC04 /* Release */ = {
			isa = XCBuildConfiguration;
			buildSettings = {
				CODE_SIGN_STYLE = Automatic;
				DEVELOPMENT_TEAM = GLVEYLXDGG;
				INFOPLIST_FILE = Test01UITests/Info.plist;
				LD_RUNPATH_SEARCH_PATHS = (
					"$(inherited)",
					"@executable_path/Frameworks",
					"@loader_path/Frameworks",
				);
				PRODUCT_BUNDLE_IDENTIFIER = Iflytek.com.Test01UITests;
				PRODUCT_NAME = "$(TARGET_NAME)";
				TARGETED_DEVICE_FAMILY = "1,2";
				TEST_TARGET_NAME = Test01;
			};
			name = Release;
		};
/* End XCBuildConfiguration section */

/* Begin XCConfigurationList section */
		2C32083B20EB99E80045EC04 /* Build configuration list for PBXProject "Test01" */ = {
			isa = XCConfigurationList;
			buildConfigurations = (
				2C32086A20EB99E90045EC04 /* Debug */,
				2C32086B20EB99E90045EC04 /* Release */,
			);
			defaultConfigurationIsVisible = 0;
			defaultConfigurationName = Release;
		};
		2C32086C20EB99E90045EC04 /* Build configuration list for PBXNativeTarget "Test01" */ = {
			isa = XCConfigurationList;
			buildConfigurations = (
				2C32086D20EB99E90045EC04 /* Debug */,
				2C32086E20EB99E90045EC04 /* Release */,
			);
			defaultConfigurationIsVisible = 0;
			defaultConfigurationName = Release;
		};
		2C32086F20EB99E90045EC04 /* Build configuration list for PBXNativeTarget "Test01Tests" */ = {
			isa = XCConfigurationList;
			buildConfigurations = (
				2C32087020EB99E90045EC04 /* Debug */,
				2C32087120EB99E90045EC04 /* Release */,
			);
			defaultConfigurationIsVisible = 0;
			defaultConfigurationName = Release;
		};
		2C32087220EB99E90045EC04 /* Build configuration list for PBXNativeTarget "Test01UITests" */ = {
			isa = XCConfigurationList;
			buildConfigurations = (
				2C32087320EB99E90045EC04 /* Debug */,
				2C32087420EB99E90045EC04 /* Release */,
			);
			defaultConfigurationIsVisible = 0;
			defaultConfigurationName = Release;
		};
/* End XCConfigurationList section */
	};
	rootObject = 2C32083820EB99E80045EC04 /* Project object */;
}
